github.com/BurntSushi/toml v1.2.1 h1:9F2/+DoOYIOksmaJFPw1tGFy1eDnIJXg+UHjuD8lTak=
github.com/BurntSushi/toml v1.2.1/go.mod h1:CxXYINrC8qIiEnFrOxCa7Jy5BFHlXnUU2pbicEuybxQ=
github.com/alecthomas/go-thrift v0.0.0-20170109061633-7914173639b2/go.mod h1:CxCgO+NdpMdi9SsTlGbc0W+/UNxO3I0AabOEJZ3w61w=
github.com/alecthomas/kong v0.2.1/go.mod h1:+inYUSluD+p4L8KdviBSgzcqEjUQOfC5fQDRFuc36lI=
github.com/alecthomas/participle v0.4.1 h1:P2PJWzwrSpuCWXKnzqvw0b0phSfH1kJo4p2HvLynVsI=
github.com/alecthomas/participle v0.4.1/go.mod h1:T8u4bQOSMwrkTWOSyt8/jSFPEnRtd0FKFMjVfYBlqPs=
github.com/alecthomas/repr v0.0.0-20181024024818-d37bc2a10ba1/go.mod h1:xTS7Pm1pD1mvyM075QCDSRqH6qRLXylzS24ZTpRiSzQ=
github.com/alecthomas/repr v0.0.0-20210301060118-828286944d6a/go.mod h1:2kn6fqh/zIyPLmm3ugklbEi5hg5wS435eygvNfaDQL8=
github.com/alecthomas/template v0.0.0-20190718012654-fb15b899a751/go.mod h1:LOuyumcjzFXgccqObfd/Ljyb9UuFJ6TxHnclSeseNhc=
github.com/alecthomas/units v0.0.0-20190924025748-f65c72e2690d/go.mod h1:rBZYJk541a8SKzHPHnH3zbiI+7dagKZ0cgpgrD7Fyho=
github.com/alecthomas/units v0.0.0-20211218093645-b94a6e3cc137 h1:s6gZFSlWYmbqAuRjVTiNNhvNRfY2Wxp9nhfyel4rklc=
github.com/alecthomas/units v0.0.0-20211218093645-b94a6e3cc137/go.mod h1:OMCwj8VM1Kc9e19TLln2VL61YJF0x1XFtfdL4JdbSyE=
github.com/antlr/antlr4/runtime/Go/antlr/v4 v4.0.0-20230305170008-8188dc5388df h1:7RFfzj4SSt6nnvCPbCqijJi1nWCd+TqAT3bYCStRC18=
github.com/antlr/antlr4/runtime/Go/antlr/v4 v4.0.0-20230305170008-8188dc5388df/go.mod h1:pSwJ0fSY5KhvocuWSx4fz3BA8OrA1bQn+K1Eli3BRwM=
github.com/awnumar/memcall v0.1.2 h1:7gOfDTL+BJ6nnbtAp9+HQzUFjtP1hEseRQq8eP055QY=
github.com/awnumar/memcall v0.1.2/go.mod h1:S911igBPR9CThzd/hYQQmTc9SWNu3ZHIlCGaWsWsoJo=
github.com/awnumar/memguard v0.22.3 h1:b4sgUXtbUjhrGELPbuC62wU+BsPQy+8lkWed9Z+pj0Y=
github.com/awnumar/memguard v0.22.3/go.mod h1:mmGunnffnLHlxE5rRgQc3j+uwPZ27eYb61ccr8Clz2Y=
github.com/benbjohnson/clock v1.3.3 h1:g+rSsSaAzhHJYcIQE78hJ3AhyjjtQvleKDjlhdBnIhc=
github.com/benbjohnson/clock v1.3.3/go.mod h1:J11/hYXuz8f4ySSvYwY0FKfm+ezbsZBKZxNJlLklBHA=
github.com/compose-spec/compose-go v1.15.0 h1:rv3TTgbS3U4Y8sRTngrcxDmpbz+fq26wTqHculSCi6s=
github.com/compose-spec/compose-go v1.15.0/go.mod h1:3yngGBGfls6FHGQsg4B1z6gz8ej9SOvmAJtxCwgbcnc=
github.com/coreos/go-semver v0.3.1 h1:yi21YpKnrx1gt5R+la8n5WgS0kCrsPp33dmEyHReZr4=
github.com/coreos/go-semver v0.3.1/go.mod h1:irMmmIw/7yzSRPWryHsK7EYSg09caPQL03VsM8rvUec=
github.com/davecgh/go-spew v1.1.0/go.mod h1:J7Y8YcW2NihsgmVo/mv3lAwl/skON4iLHjSsI+c5H38=
github.com/davecgh/go-spew v1.1.1/go.mod h1:J7Y8YcW2NihsgmVo/mv3lAwl/skON4iLHjSsI+c5H38=
github.com/fatih/color v1.15.0 h1:kOqh6YHBtK8aywxGerMG2Eq3H6Qgoqeo13Bk2Mv/nBs=
github.com/fatih/color v1.15.0/go.mod h1:0h5ZqXfHYED7Bhv2ZJamyIOUej9KtShiJESRwBDUSsw=
github.com/gobwas/glob v0.2.3 h1:A4xDbljILXROh+kObIiy5kIaPYD8e96x1tgBhUI5J+Y=
github.com/gobwas/glob v0.2.3/go.mod h1:d3Ez4x06l9bZtSvzIay5+Yzi0fmZzPgnTbPcKjJAkT8=
github.com/golang/protobuf v1.5.0/go.mod h1:FsONVRAS9T7sI+LIUmWTfcYkHO4aIWwzhcaSAoJOfIk=
github.com/google/cel-go v0.14.1-0.20230424164844-d39523c445fc h1:jd+stC3Fqf9kaqgCLOdm4Da/AN3txPTlmLB6tStXAcU=
github.com/google/cel-go v0.14.1-0.20230424164844-d39523c445fc/go.mod h1:YzWEoI07MC/a/wj9in8GeVatqfypkldgBlwXh9bCwqY=
github.com/google/go-cmp v0.5.5/go.mod h1:v8dTdLbMG2kIc/vJvl+f65V22dbkXbowE6jgT/gNBxE=
github.com/gosnmp/gosnmp v1.35.0 h1:EuWWNPxTCdAUx2/NbQcSa3WdNxjzpy4Phv57b4MWpJM=
github.com/gosnmp/gosnmp v1.35.0/go.mod h1:2AvKZ3n9aEl5TJEo/fFmf/FGO4Nj4cVeEc5yuk88CYc=
github.com/influxdata/telegraf v1.27.1 h1:H0GO34YaRFoupJmD8/v9ImvCHRYYIQlaQPeVC/sVT2A=
github.com/influxdata/telegraf v1.27.1/go.mod h1:keCAT+VIMvDB2mTTptf4ijjvgdeMw0UsXcnctsxO2b8=
github.com/influxdata/toml v0.0.0-20190415235208-270119a8ce65 h1:vvyMtD5LTJc1W9sQKjDkAWdcg0478CszSdzlHtiAXCY=
github.com/influxdata/toml v0.0.0-20190415235208-270119a8ce65/go.mod h1:zApaNFpP/bTpQItGZNNUMISDMDAnTXu9UqJ4yT3ocz8=
github.com/klauspost/compress v1.16.5 h1:IFV2oUNUzZaz+XyusxpLzpzS8Pt5rh0Z16For/djlyI=
github.com/klauspost/compress v1.16.5/go.mod h1:ntbaceVETuRiXiv4DpjP66DpAtAGkEQskQzEyD//IeE=
github.com/klauspost/pgzip v1.2.6 h1:8RXeL5crjEUFnR2/Sn6GJNWtSQ3Dk8pq4CL3jvdDyjU=
github.com/klauspost/pgzip v1.2.6/go.mod h1:Ch1tH69qFZu15pkjo5kYi6mth2Zzwzt50oCQKQE9RUs=
github.com/mattn/go-colorable v0.1.13 h1:fFA4WZxdEF4tXPZVKMLwD8oUnCTTo08duU7wxecdEvA=
github.com/mattn/go-colorable v0.1.13/go.mod h1:7S9/ev0klgBDR4GtXTXX8a3vIGJpMovkB8vQcUbaXHg=
github.com/mattn/go-isatty v0.0.16/go.mod h1:kYGgaQfpe5nmfYZH+SKPsOc2e4SrIfOl2e/yFXSvRLM=
github.com/mattn/go-isatty v0.0.19 h1:JITubQf0MOLdlGRuRq+jtsDlekdYPia9ZFsB8h/APPA=
github.com/mattn/go-isatty v0.0.19/go.mod h1:W+V8PltTTMOvKvAeJH7IuucS94S2C6jfK/D7dTCTo3Y=
github.com/mitchellh/mapstructure v1.1.2/go.mod h1:FVVH3fgwuzCH5S8UJGiWEs2h04kUh9fWfEaFds41c1Y=
github.com/naoina/go-stringutil v0.1.0 h1:rCUeRUHjBjGTSHl0VC00jUPLz8/F9dDzYI70Hzifhks=
github.com/naoina/go-stringutil v0.1.0/go.mod h1:XJ2SJL9jCtBh+P9q5btrd/Ylo8XwT/h1USek5+NqSA0=
github.com/pkg/errors v0.8.1/go.mod h1:bwawxfHBFNV+L2hUp1rHADufV3IMtnDRdf1r5NINEl0=
github.com/pmezard/go-difflib v1.0.0/go.mod h1:iKH77koFhYxTK1pcRnkKkqfTogsbg7gZNVY4sRDYZ/4=
github.com/sirupsen/logrus v1.9.0 h1:trlNQbNUG3OdDrDil03MCb1H2o9nJ1x4/5LYw7byDE0=
github.com/sirupsen/logrus v1.9.0/go.mod h1:naHLuLoDiP4jHNo9R0sCBMtWGeIprob74mVsIT4qYEQ=
github.com/sleepinggenius2/gosmi v0.4.4 h1:xgu+Mt7CptuB10IPt3SVXBAA9tARToT4B9xGzjjxQX8=
github.com/sleepinggenius2/gosmi v0.4.4/go.mod h1:l8OniPmd3bJzw0MXP2/qh7AhP/e+bTY2CNivIhsnDT0=
github.com/stoewer/go-strcase v1.2.0 h1:Z2iHWqGXH00XYgqDmNgQbIBxf3wrNq0F3feEy0ainaU=
github.com/stoewer/go-strcase v1.2.0/go.mod h1:IBiWB2sKIp3wVVQ3Y035++gc+knqhUQag1KpM8ahLw8=
github.com/stretchr/objx v0.1.0/go.mod h1:HFkY916IF+rwdDfMAkV7OtwuqBVzrE8GR6GFx+wExME=
github.com/stretchr/testify v1.2.2/go.mod h1:a8OnRcib4nhh0OaRAV+Yts87kKdq0PP7pXfy6kDkUVs=
github.com/stretchr/testify v1.4.0/go.mod h1:j7eGeouHqKxXV5pUuKE4zz7dFj8WfuZ+81PSLYec5m4=
github.com/stretchr/testify v1.5.1/go.mod h1:5W2xD1RspED5o8YsWQXVCued0rvSQ+mT+I5cxcmMvtA=
github.com/stretchr/testify v1.7.0/go.mod h1:6Fq8oRcR53rry900zMqJjRRixrwX3KX962/h/Wwjteg=
golang.org/x/crypto v0.9.0 h1:LF6fAI+IutBocDJ2OT0Q1g8plpYljMZ4+lty+dsqw3g=
golang.org/x/crypto v0.9.0/go.mod h1:yrmDGqONDYtNj3tH8X9dzUun2m2lzPa9ngI6/RUPGR0=
golang.org/x/exp v0.0.0-20230522175609-2e198f4a06a1 h1:k/i9J1pBpvlfR+9QsetwPyERsqu1GIbi967PQMq3Ivc=
golang.org/x/exp v0.0.0-20230522175609-2e198f4a06a1/go.mod h1:V1LtkGg67GoY2N1AnLN78QLrzxkLyJw7RJb1gzOOz9w=
golang.org/x/sys v0.0.0-20191001151750-bb3f8db39f24/go.mod h1:h1NjWce9XRLGQEsW7wpKNCjG9DtNlClVuFLEZdDNbEs=
golang.org/x/sys v0.0.0-20220715151400-c0bba94af5f8/go.mod h1:oPkhp1MJrh7nUepCBck5+mAzfO9JrbApNNgaTdGDITg=
golang.org/x/sys v0.0.0-20220811171246-fbc7d0a398ab/go.mod h1:oPkhp1MJrh7nUepCBck5+mAzfO9JrbApNNgaTdGDITg=
golang.org/x/sys v0.6.0/go.mod h1:oPkhp1MJrh7nUepCBck5+mAzfO9JrbApNNgaTdGDITg=
golang.org/x/sys v0.9.0 h1:KS/R3tvhPqvJvwcKfnBHJwwthS11LRhmM5D59eEXa0s=
golang.org/x/sys v0.9.0/go.mod h1:oPkhp1MJrh7nUepCBck5+mAzfO9JrbApNNgaTdGDITg=
golang.org/x/text v0.9.0 h1:2sjJmO8cDvYveuX97RDLsxlyUxLl+GHoLxBiRdHllBE=
golang.org/x/text v0.9.0/go.mod h1:e1OnstbJyHTd6l/uOt8jFFHp6TRDWZR/bV3emEE/zU8=
golang.org/x/xerrors v0.0.0-20191204190536-9bdfabe68543/go.mod h1:I/5z698sn9Ka8TeJc9MKroUUfqBBauWjQqLJ2OPfmY0=
google.golang.org/genproto v0.0.0-20230530153820-e85fd2cbaebc h1:8DyZCyvI8mE1IdLy/60bS+52xfymkE72wv1asokgtao=
google.golang.org/genproto/googleapis/api v0.0.0-20230530153820-e85fd2cbaebc h1:kVKPf/IiYSBWEWtkIn6wZXwWGCnLKcC8oWfZvXjsGnM=
google.golang.org/genproto/googleapis/api v0.0.0-20230530153820-e85fd2cbaebc/go.mod h1:vHYtlOoi6TsQ3Uk2yxR7NI5z8uoV+3pZtR4jmHIkRig=
google.golang.org/genproto/googleapis/rpc v0.0.0-20230530153820-e85fd2cbaebc h1:XSJ8Vk1SWuNr8S18z1NZSziL0CPIXLCCMDOEFtHBOFc=
google.golang.org/genproto/googleapis/rpc v0.0.0-20230530153820-e85fd2cbaebc/go.mod h1:66JfowdXAEgad5O9NnYcsNPLCPZJD++2L9X0PCMODrA=
google.golang.org/protobuf v1.26.0-rc.1/go.mod h1:jlhhOSvTdKEhbULTjvd4ARK9grFBp09yW+WbY/TyQbw=
google.golang.org/protobuf v1.30.0 h1:kPPoIgf3TsEvrm0PFe15JQ+570QVxYzEvvHqChK+cng=
google.golang.org/protobuf v1.30.0/go.mod h1:HV8QOd/L58Z+nl8r43ehVNZIU/HEI6OcFqwMG9pJV4I=
gopkg.in/alecthomas/kingpin.v2 v2.2.6/go.mod h1:FMv+mEhP44yOT+4EoQTLFTRgOQ1FBLkstjWtayDeSgw=
gopkg.in/check.v1 v0.0.0-20161208181325-20d25e280405/go.mod h1:Co6ibVJAznAaIkqp8huTwlJQCZ016jof/cbN4VW5Yz0=
gopkg.in/yaml.v2 v2.2.2/go.mod h1:hI93XBmqTisBFMUTm0b8Fm+jr3Dg1NNxqwp+5A1VGuI=
gopkg.in/yaml.v3 v3.0.0-20200313102051-9f266ea9e77c/go.mod h1:K4uyk7z7BCEPqu6E+C64Yfv1cQ7kz7rIZviUmN+EgEM=
gopkg.in/yaml.v3 v3.0.1/go.mod h1:K4uyk7z7BCEPqu6E+C64Yfv1cQ7kz7rIZviUmN+EgEM=
